# This file is autogenerated, do not edit; changes may be undone by the next 'dep ensure'.


[[projects]]
  branch = "master"
  digest = "1:f06367e46fad737b4eabdd21093ade373557a6ad34fbea3a845576c84712caa4"
  name = "github.com/apcera/termtables"
  packages = [
    ".",
    "term",
  ]
  pruneopts = "UT"
  revision = "bcbc5dc54055d14996b256d348fb75cc6debe282"

[[projects]]
  digest = "1:f0a18884b6dca4d8337fbd84f165c15e8189dee62982b0ca44ba0f6603a75b41"
  name = "github.com/docker/cli"
  packages = ["cli/compose/types"]
  pruneopts = "UT"
  revision = "51668a30f26250ccfce31bcc13d9334eaafabe36"
  version = "v18.09.0"

[[projects]]
  branch = "master"
  digest = "1:4cb5531c2132856145d05c1432a2043c81731fbf60673b9dbfc088ade67b99b9"
  name = "github.com/function61/gokit"
  packages = [
    "assert",
    "atomicfilewrite",
    "cryptorandombytes",
    "dynversion",
    "envvar",
    "ezhttp",
    "hcl2json",
    "jsonfile",
  ]
  pruneopts = "UT"
  revision = "08e0d38dfda60a9f230b0c4f92b67d6dd4da0bbf"

[[projects]]
  digest = "1:4d2e5a73dc1500038e504a8d78b986630e3626dc027bc030ba5c75da257cdb96"
  name = "github.com/go-yaml/yaml"
  packages = ["."]
  pruneopts = "UT"
  revision = "51d6538a90f86fe93ac480b35f37b2be17fef232"
  version = "v2.2.2"

[[projects]]
  digest = "1:ea40c24cdbacd054a6ae9de03e62c5f252479b96c716375aace5c120d68647c8"
  name = "github.com/hashicorp/hcl"
  packages = [
    ".",
    "hcl/ast",
    "hcl/parser",
    "hcl/scanner",
    "hcl/strconv",
    "hcl/token",
    "json/parser",
    "json/scanner",
    "json/token",
  ]
  pruneopts = "UT"
  revision = "8cb6e5b959231cc1119e43259c4a608f9c51a241"
  version = "v1.0.0"

[[projects]]
  digest = "1:870d441fe217b8e689d7949fef6e43efbc787e50f200cb1e70dbca9204a1d6be"
  name = "github.com/inconshreveable/mousetrap"
  packages = ["."]
  pruneopts = "UT"
  revision = "76626ae9c91c4f2a10f34cad8ce83ea42c93bb75"
  version = "v1.0"

[[projects]]
  digest = "1:cdb899c199f907ac9fb50495ec71212c95cb5b0e0a8ee0800da0238036091033"
  name = "github.com/mattn/go-runewidth"
  packages = ["."]
  pruneopts = "UT"
  revision = "ce7b0b5c7b45a81508558cd1dba6bb1e4ddb51bb"
  version = "v0.0.3"

[[projects]]
  digest = "1:d917313f309bda80d27274d53985bc65651f81a5b66b820749ac7f8ef061fd04"
  name = "github.com/sergi/go-diff"
  packages = ["diffmatchpatch"]
  pruneopts = "UT"
  revision = "1744e2970ca51c86172c8190fadad617561ed6e7"
  version = "v1.0.0"

[[projects]]
  digest = "1:645cabccbb4fa8aab25a956cbcbdf6a6845ca736b2c64e197ca7cbb9d210b939"
  name = "github.com/spf13/cobra"
  packages = ["."]
  pruneopts = "UT"
  revision = "ef82de70bb3f60c65fb8eebacbb2d122ef517385"
  version = "v0.0.3"

[[projects]]
  digest = "1:dab83a1bbc7ad3d7a6ba1a1cc1760f25ac38cdf7d96a5cdd55cd915a4f5ceaf9"
  name = "github.com/spf13/pflag"
  packages = ["."]
  pruneopts = "UT"
  revision = "9a97c102cda95a86cec2345a6f09f55a939babf5"
  version = "v1.0.2"

[[projects]]
  branch = "master"
  digest = "1:5bfe7889c6059903d067d47a0a66f07a0851f47fd38f0ba5c77f402fb3d46a2d"
  name = "golang.org/x/crypto"
  packages = [
    "curve25519",
    "ed25519",
    "ed25519/internal/edwards25519",
    "internal/chacha20",
    "internal/subtle",
    "poly1305",
    "ssh",
    "ssh/agent",
  ]
  pruneopts = "UT"
  revision = "0e37d006457bf46f9e6692014ba72ef82c33022c"

[solve-meta]
  analyzer-name = "dep"
  analyzer-version = 1
  input-imports = [
    "github.com/apcera/termtables",
    "github.com/docker/cli/cli/compose/types",
    "github.com/function61/gokit/assert",
    "github.com/function61/gokit/cryptorandombytes",
    "github.com/function61/gokit/dynversion",
    "github.com/function61/gokit/envvar",
    "github.com/function61/gokit/ezhttp",
    "github.com/function61/gokit/hcl2json",
    "github.com/function61/gokit/jsonfile",
    "github.com/go-yaml/yaml",
    "github.com/sergi/go-diff/diffmatchpatch",
    "github.com/spf13/cobra",
    "golang.org/x/crypto/ssh",
    "golang.org/x/crypto/ssh/agent",
  ]
  solver-name = "gps-cdcl"
  solver-version = 1
